
Microsoft Visual Studio Solution File, Format Version 12.00
# Visual Studio Version 16
VisualStudioVersion = 25.0.1700.0
MinimumVisualStudioVersion = 10.0.40219.1
Project("{FAE04EC0-301F-11D3-BF4B-00C04F79EFBC}") = "Lab1Week2", "Lab1Week2\Lab1Week2.csproj", "{C2BA0084-14B1-47C4-81A6-3851CA97E752}"
EndProject
Global
	GlobalSection(SolutionConfigurationPlatforms) = preSolution
		Debug|Any CPU = Debug|Any CPU
		Release|Any CPU = Release|Any CPU
	EndGlobalSection
	GlobalSection(ProjectConfigurationPlatforms) = postSolution
		{C2BA0084-14B1-47C4-81A6-3851CA97E752}.Debug|Any CPU.ActiveCfg = Debug|Any CPU
		{C2BA0084-14B1-47C4-81A6-3851CA97E752}.Debug|Any CPU.Build.0 = Debug|Any CPU
		{C2BA0084-14B1-47C4-81A6-3851CA97E752}.Release|Any CPU.ActiveCfg = Release|Any CPU
		{C2BA0084-14B1-47C4-81A6-3851CA97E752}.Release|Any CPU.Build.0 = Release|Any CPU
	EndGlobalSection
	GlobalSection(SolutionProperties) = preSolution
		HideSolutionNode = FALSE
	EndGlobalSection
	GlobalSection(ExtensibilityGlobals) = postSolution
		SolutionGuid = {323D7937-8145-4AB8-A628-8545F36BD9F5}
	EndGlobalSection
EndGlobal
